# THIS IS AN AUTOGENERATED FILE. DO NOT EDIT THIS FILE DIRECTLY.
# yarn lockfile v1


"@react-native-community/async-storage@^1.6.3":
  version "1.6.3"
  resolved "https://registry.yarnpkg.com/@react-native-community/async-storage/-/async-storage-1.6.3.tgz#1a713e8c5cacd543ab8539080a5ce57ad917da88"
  integrity sha512-67K2akX90uc252zKMYJt1wISvaEH6ARtdTI9bUkwmOFXVPyVk1DfPnaRmyUzcVdeCBOO1n0xv9YO2GSppIormQ==

immer@^5.0.0:
  version "5.0.0"
  resolved "https://registry.yarnpkg.com/immer/-/immer-5.0.0.tgz#07f462b7d95f7e86c214a861ecacd766d42b8c0a"
  integrity sha512-G7gRqKbi9NE025XVyqyTV98dxUOtdKvu/P1QRaVZfA55aEcXgjbxPdm+TlWdcSMNPKijlaHNz61DGPyelouRlA==

redux-persist@^6.0.0:
  version "6.0.0"
  resolved "https://registry.yarnpkg.com/redux-persist/-/redux-persist-6.0.0.tgz#b4d2972f9859597c130d40d4b146fecdab51b3a8"
  integrity sha512-71LLMbUq2r02ng2We9S215LtPu3fY0KgaGE0k8WRgl6RkqxtGfl7HUozz1Dftwsb0D/5mZ8dwAaPbtnzfvbEwQ==
